dependencies:
- name: lti-gateway
  repository: https://raw.githubusercontent.com/ibm-skills-network/helm-chart-releases/master
  version: 1.0.2
- name: sn-common
  repository: https://raw.githubusercontent.com/ibm-skills-network/helm-chart-releases/master
  version: 1.0.2
digest: sha256:f3dc56e9a9c6df337a60c5f62bebcde6935ec3425aae830cfd08baf3010560a0
generated: "2025-12-18T00:54:57.714282-07:00"
